
Microsoft Visual Studio Solution File, Format Version 12.00
# Visual Studio Version 17
VisualStudioVersion = 17.4.33103.184
MinimumVisualStudioVersion = 10.0.40219.1
Project("{9A19103F-16F7-4668-BE54-9A1E7A4F7556}") = "Senparc.Xncf.OpenAI", "Senparc.Xncf.OpenAI.csproj", "{8E268E48-66F0-432C-B957-4F587F83F212}"
EndProject
Project("{9A19103F-16F7-4668-BE54-9A1E7A4F7556}") = "Senparc.AI", "..\..\..\..\Senparc.AI\src\Senparc.AI\Senparc.AI.csproj", "{4F6BCAFD-D23A-4668-B941-660479AB794E}"
EndProject
Project("{9A19103F-16F7-4668-BE54-9A1E7A4F7556}") = "Senparc.AI.Kernel", "..\..\..\..\Senparc.AI\src\Senparc.AI.Kernel\Senparc.AI.Kernel.csproj", "{D07CA6EE-AF94-4AEF-851D-0A3A13B3BD9C}"
EndProject
Global
	GlobalSection(SolutionConfigurationPlatforms) = preSolution
		Debug|Any CPU = Debug|Any CPU
		Release|Any CPU = Release|Any CPU
		TemplateRelease|Any CPU = TemplateRelease|Any CPU
		Test|Any CPU = Test|Any CPU
	EndGlobalSection
	GlobalSection(ProjectConfigurationPlatforms) = postSolution
		{8E268E48-66F0-432C-B957-4F587F83F212}.Debug|Any CPU.ActiveCfg = Debug|Any CPU
		{8E268E48-66F0-432C-B957-4F587F83F212}.Debug|Any CPU.Build.0 = Debug|Any CPU
		{8E268E48-66F0-432C-B957-4F587F83F212}.Release|Any CPU.ActiveCfg = Release|Any CPU
		{8E268E48-66F0-432C-B957-4F587F83F212}.Release|Any CPU.Build.0 = Release|Any CPU
		{8E268E48-66F0-432C-B957-4F587F83F212}.TemplateRelease|Any CPU.ActiveCfg = TemplateRelease|Any CPU
		{8E268E48-66F0-432C-B957-4F587F83F212}.TemplateRelease|Any CPU.Build.0 = TemplateRelease|Any CPU
		{8E268E48-66F0-432C-B957-4F587F83F212}.Test|Any CPU.ActiveCfg = Test|Any CPU
		{8E268E48-66F0-432C-B957-4F587F83F212}.Test|Any CPU.Build.0 = Test|Any CPU
		{4F6BCAFD-D23A-4668-B941-660479AB794E}.Debug|Any CPU.ActiveCfg = Debug|Any CPU
		{4F6BCAFD-D23A-4668-B941-660479AB794E}.Debug|Any CPU.Build.0 = Debug|Any CPU
		{4F6BCAFD-D23A-4668-B941-660479AB794E}.Release|Any CPU.ActiveCfg = Release|Any CPU
		{4F6BCAFD-D23A-4668-B941-660479AB794E}.Release|Any CPU.Build.0 = Release|Any CPU
		{4F6BCAFD-D23A-4668-B941-660479AB794E}.TemplateRelease|Any CPU.ActiveCfg = Release|Any CPU
		{4F6BCAFD-D23A-4668-B941-660479AB794E}.TemplateRelease|Any CPU.Build.0 = Release|Any CPU
		{4F6BCAFD-D23A-4668-B941-660479AB794E}.Test|Any CPU.ActiveCfg = Test|Any CPU
		{4F6BCAFD-D23A-4668-B941-660479AB794E}.Test|Any CPU.Build.0 = Test|Any CPU
		{D07CA6EE-AF94-4AEF-851D-0A3A13B3BD9C}.Debug|Any CPU.ActiveCfg = Debug|Any CPU
		{D07CA6EE-AF94-4AEF-851D-0A3A13B3BD9C}.Debug|Any CPU.Build.0 = Debug|Any CPU
		{D07CA6EE-AF94-4AEF-851D-0A3A13B3BD9C}.Release|Any CPU.ActiveCfg = Release|Any CPU
		{D07CA6EE-AF94-4AEF-851D-0A3A13B3BD9C}.Release|Any CPU.Build.0 = Release|Any CPU
		{D07CA6EE-AF94-4AEF-851D-0A3A13B3BD9C}.TemplateRelease|Any CPU.ActiveCfg = Release|Any CPU
		{D07CA6EE-AF94-4AEF-851D-0A3A13B3BD9C}.TemplateRelease|Any CPU.Build.0 = Release|Any CPU
		{D07CA6EE-AF94-4AEF-851D-0A3A13B3BD9C}.Test|Any CPU.ActiveCfg = Test|Any CPU
		{D07CA6EE-AF94-4AEF-851D-0A3A13B3BD9C}.Test|Any CPU.Build.0 = Test|Any CPU
	EndGlobalSection
	GlobalSection(SolutionProperties) = preSolution
		HideSolutionNode = FALSE
	EndGlobalSection
	GlobalSection(ExtensibilityGlobals) = postSolution
		SolutionGuid = {36189470-CB3B-484B-9A2E-E0BBDFDA5508}
	EndGlobalSection
EndGlobal
